
Microsoft Visual Studio Solution File, Format Version 12.00
# Visual Studio Version 17
VisualStudioVersion = 17.10.34928.147
MinimumVisualStudioVersion = 10.0.40219.1
Project("{FAE04EC0-301F-11D3-BF4B-00C04F79EFBC}") = "MediaTek86-PersonnelManagement", "MediaTek86-PersonnelManagement.csproj", "{715ED4A0-D5E6-4CFA-8395-8411CC5C444F}"
EndProject
Project("{2150E333-8FDC-42A3-9474-1A3956D46DE8}") = "View", "View", "{053F24FF-BCD8-4C6F-A817-0F7870AE6E2C}"
	ProjectSection(SolutionItems) = preProject
		PersonnelForm.cs = PersonnelForm.cs
		SupprimerAbsenceForm.cs = SupprimerAbsenceForm.cs
		SupprimerPersonnelForm.cs = SupprimerPersonnelForm.cs
	EndProjectSection
EndProject
Global
	GlobalSection(SolutionConfigurationPlatforms) = preSolution
		Debug|Any CPU = Debug|Any CPU
		Release|Any CPU = Release|Any CPU
	EndGlobalSection
	GlobalSection(ProjectConfigurationPlatforms) = postSolution
		{715ED4A0-D5E6-4CFA-8395-8411CC5C444F}.Debug|Any CPU.ActiveCfg = Debug|Any CPU
		{715ED4A0-D5E6-4CFA-8395-8411CC5C444F}.Debug|Any CPU.Build.0 = Debug|Any CPU
		{715ED4A0-D5E6-4CFA-8395-8411CC5C444F}.Release|Any CPU.ActiveCfg = Release|Any CPU
		{715ED4A0-D5E6-4CFA-8395-8411CC5C444F}.Release|Any CPU.Build.0 = Release|Any CPU
	EndGlobalSection
	GlobalSection(SolutionProperties) = preSolution
		HideSolutionNode = FALSE
	EndGlobalSection
	GlobalSection(ExtensibilityGlobals) = postSolution
		SolutionGuid = {0F4C3A34-BD21-4604-8543-FF836DA5A4FD}
	EndGlobalSection
EndGlobal
